
Microsoft Visual Studio Solution File, Format Version 12.00
# Visual Studio Version 17
VisualStudioVersion = 17.2.32616.157
MinimumVisualStudioVersion = 10.0.40219.1
Project("{FAE04EC0-301F-11D3-BF4B-00C04F79EFBC}") = "MoboFix", "MoboFix\MoboFix.csproj", "{B9B8977E-4C86-4DF5-8840-4B23B96E80CD}"
EndProject
Global
	GlobalSection(SolutionConfigurationPlatforms) = preSolution
		Debug|Any CPU = Debug|Any CPU
		Release|Any CPU = Release|Any CPU
	EndGlobalSection
	GlobalSection(ProjectConfigurationPlatforms) = postSolution
		{B9B8977E-4C86-4DF5-8840-4B23B96E80CD}.Debug|Any CPU.ActiveCfg = Debug|Any CPU
		{B9B8977E-4C86-4DF5-8840-4B23B96E80CD}.Debug|Any CPU.Build.0 = Debug|Any CPU
		{B9B8977E-4C86-4DF5-8840-4B23B96E80CD}.Release|Any CPU.ActiveCfg = Release|Any CPU
		{B9B8977E-4C86-4DF5-8840-4B23B96E80CD}.Release|Any CPU.Build.0 = Release|Any CPU
	EndGlobalSection
	GlobalSection(SolutionProperties) = preSolution
		HideSolutionNode = FALSE
	EndGlobalSection
	GlobalSection(ExtensibilityGlobals) = postSolution
		SolutionGuid = {90F6959E-AC51-4829-B641-D1E875BDE8C8}
	EndGlobalSection
EndGlobal
